NeoBundleLock ag.vim 80bd8337def3403c389d2b1dac9023470ed0011f
NeoBundleLock ctrlp-funky 80bd8337def3403c389d2b1dac9023470ed0011f
NeoBundleLock ctrlp.vim 80bd8337def3403c389d2b1dac9023470ed0011f
NeoBundleLock indentLine 80bd8337def3403c389d2b1dac9023470ed0011f
NeoBundleLock lightline.vim 80bd8337def3403c389d2b1dac9023470ed0011f
NeoBundleLock neobundle.vim 26d03781886ed887e390d4ad8b935987754b1c2c
NeoBundleLock neomru.vim 97540f54fa20b94daf306f0c1f3cce983bbf7a1d
NeoBundleLock nerdtree 80bd8337def3403c389d2b1dac9023470ed0011f
NeoBundleLock unite.vim e68ccde4192b3faa3717897e65dc7dd8ab87524a
NeoBundleLock vim-ctrlp-commandline 80bd8337def3403c389d2b1dac9023470ed0011f
NeoBundleLock vim-trailing-whitespace 80bd8337def3403c389d2b1dac9023470ed0011f
