NeoBundleLock ag.vim 4a0dd6e190f446e5a016b44fdaa2feafc582918e
NeoBundleLock ctrlp-funky 85286a18f59e38e7eb53f9575cb843f24c5e1a21
NeoBundleLock ctrlp.vim 4b9e7cac612902a25498cca49f13475fe1a821a4
NeoBundleLock indentLine 439348543c9ffe2c5c4469a6e8f005f67bf73cc1
NeoBundleLock lightline.vim e54d2ae512c9c081bfff9303cb22ffa94ed48ba3
NeoBundleLock molokai c67bdfcdb31415aa0ade7f8c003261700a885476
NeoBundleLock neobundle.vim 26d03781886ed887e390d4ad8b935987754b1c2c
NeoBundleLock neocomplete.vim 4be617947f3fcf2d725fab20b0e12f8b46c9e2f3
NeoBundleLock neosnippet 9ee1b4e059d4ffcc02312da13ee36315dacbffe4
NeoBundleLock neosnippet-snippets 8dbb78599984140c50418d3dd23d0de4c8f13e74
NeoBundleLock vim-ctrlp-commandline ac3ea874c0d472b2813292dc8e9f06ce08f9c0ed
NeoBundleLock vim-trailing-whitespace 4c596548216b7c19971f8fc94e38ef1a2b55fee6
